
Microsoft Visual Studio Solution File, Format Version 12.00
# Visual Studio Version 17
VisualStudioVersion = 17.3.32929.385
MinimumVisualStudioVersion = 10.0.40219.1
Project("{FAE04EC0-301F-11D3-BF4B-00C04F79EFBC}") = "FindMaxNumber", "FindMaxNumber.csproj", "{0C27D4A8-7FF5-413C-9185-147953A1C0A9}"
EndProject
Global
	GlobalSection(SolutionConfigurationPlatforms) = preSolution
		Debug|Any CPU = Debug|Any CPU
		Release|Any CPU = Release|Any CPU
	EndGlobalSection
	GlobalSection(ProjectConfigurationPlatforms) = postSolution
		{0C27D4A8-7FF5-413C-9185-147953A1C0A9}.Debug|Any CPU.ActiveCfg = Debug|Any CPU
		{0C27D4A8-7FF5-413C-9185-147953A1C0A9}.Debug|Any CPU.Build.0 = Debug|Any CPU
		{0C27D4A8-7FF5-413C-9185-147953A1C0A9}.Release|Any CPU.ActiveCfg = Release|Any CPU
		{0C27D4A8-7FF5-413C-9185-147953A1C0A9}.Release|Any CPU.Build.0 = Release|Any CPU
	EndGlobalSection
	GlobalSection(SolutionProperties) = preSolution
		HideSolutionNode = FALSE
	EndGlobalSection
	GlobalSection(ExtensibilityGlobals) = postSolution
		SolutionGuid = {9FB058BF-B1F7-4AC7-A3F4-2DDCA12E2A5E}
	EndGlobalSection
EndGlobal
